
Microsoft Visual Studio Solution File, Format Version 12.00
# Visual Studio Version 16
VisualStudioVersion = 16.0.31410.357
MinimumVisualStudioVersion = 10.0.40219.1
Project("{9A19103F-16F7-4668-BE54-9A1E7A4F7556}") = "HomeWork", "HomeWork\HomeWork.csproj", "{D05D02F7-D981-44E9-B4CC-4C68B8F14A58}"
EndProject
Project("{2150E333-8FDC-42A3-9474-1A3956D46DE8}") = "Lesson 1", "Lesson 1", "{6663F5A1-04F2-4779-A272-B40584F6DB60}"
EndProject
Project("{2150E333-8FDC-42A3-9474-1A3956D46DE8}") = "Lesson 2", "Lesson 2", "{A18701BE-3AAC-46D0-85A9-3144EADD1504}"
EndProject
Project("{9A19103F-16F7-4668-BE54-9A1E7A4F7556}") = "ClassWork", "HomeWork2\ClassWork.csproj", "{66F2D414-4F7F-47D1-88E7-38A3F5118C36}"
EndProject
Project("{FAE04EC0-301F-11D3-BF4B-00C04F79EFBC}") = "DZ 2", "DZ 2\DZ 2.csproj", "{248F4DC1-7DB9-4429-B5CD-8A90E6E76050}"
EndProject
Project("{FAE04EC0-301F-11D3-BF4B-00C04F79EFBC}") = "DZ 3", "DZ 3\DZ 3.csproj", "{029D8D07-0D65-4CB9-9282-C0AB8B2FEAAE}"
EndProject
Project("{FAE04EC0-301F-11D3-BF4B-00C04F79EFBC}") = "DZ", "DZ\DZ.csproj", "{F0435CB1-EF7B-4730-9ACF-CA320ED5EF72}"
EndProject
Project("{FAE04EC0-301F-11D3-BF4B-00C04F79EFBC}") = "DZ 4", "DZ 4\DZ 4.csproj", "{6EB5ED70-3CC7-4037-A65C-C5A846AF50FF}"
EndProject
Global
	GlobalSection(SolutionConfigurationPlatforms) = preSolution
		Debug|Any CPU = Debug|Any CPU
		Release|Any CPU = Release|Any CPU
	EndGlobalSection
	GlobalSection(ProjectConfigurationPlatforms) = postSolution
		{D05D02F7-D981-44E9-B4CC-4C68B8F14A58}.Debug|Any CPU.ActiveCfg = Debug|Any CPU
		{D05D02F7-D981-44E9-B4CC-4C68B8F14A58}.Debug|Any CPU.Build.0 = Debug|Any CPU
		{D05D02F7-D981-44E9-B4CC-4C68B8F14A58}.Release|Any CPU.ActiveCfg = Release|Any CPU
		{D05D02F7-D981-44E9-B4CC-4C68B8F14A58}.Release|Any CPU.Build.0 = Release|Any CPU
		{66F2D414-4F7F-47D1-88E7-38A3F5118C36}.Debug|Any CPU.ActiveCfg = Debug|Any CPU
		{66F2D414-4F7F-47D1-88E7-38A3F5118C36}.Debug|Any CPU.Build.0 = Debug|Any CPU
		{66F2D414-4F7F-47D1-88E7-38A3F5118C36}.Release|Any CPU.ActiveCfg = Release|Any CPU
		{66F2D414-4F7F-47D1-88E7-38A3F5118C36}.Release|Any CPU.Build.0 = Release|Any CPU
		{248F4DC1-7DB9-4429-B5CD-8A90E6E76050}.Debug|Any CPU.ActiveCfg = Debug|Any CPU
		{248F4DC1-7DB9-4429-B5CD-8A90E6E76050}.Debug|Any CPU.Build.0 = Debug|Any CPU
		{248F4DC1-7DB9-4429-B5CD-8A90E6E76050}.Release|Any CPU.ActiveCfg = Release|Any CPU
		{248F4DC1-7DB9-4429-B5CD-8A90E6E76050}.Release|Any CPU.Build.0 = Release|Any CPU
		{029D8D07-0D65-4CB9-9282-C0AB8B2FEAAE}.Debug|Any CPU.ActiveCfg = Debug|Any CPU
		{029D8D07-0D65-4CB9-9282-C0AB8B2FEAAE}.Debug|Any CPU.Build.0 = Debug|Any CPU
		{029D8D07-0D65-4CB9-9282-C0AB8B2FEAAE}.Release|Any CPU.ActiveCfg = Release|Any CPU
		{029D8D07-0D65-4CB9-9282-C0AB8B2FEAAE}.Release|Any CPU.Build.0 = Release|Any CPU
		{F0435CB1-EF7B-4730-9ACF-CA320ED5EF72}.Debug|Any CPU.ActiveCfg = Debug|Any CPU
		{F0435CB1-EF7B-4730-9ACF-CA320ED5EF72}.Debug|Any CPU.Build.0 = Debug|Any CPU
		{F0435CB1-EF7B-4730-9ACF-CA320ED5EF72}.Release|Any CPU.ActiveCfg = Release|Any CPU
		{F0435CB1-EF7B-4730-9ACF-CA320ED5EF72}.Release|Any CPU.Build.0 = Release|Any CPU
		{6EB5ED70-3CC7-4037-A65C-C5A846AF50FF}.Debug|Any CPU.ActiveCfg = Debug|Any CPU
		{6EB5ED70-3CC7-4037-A65C-C5A846AF50FF}.Debug|Any CPU.Build.0 = Debug|Any CPU
		{6EB5ED70-3CC7-4037-A65C-C5A846AF50FF}.Release|Any CPU.ActiveCfg = Release|Any CPU
		{6EB5ED70-3CC7-4037-A65C-C5A846AF50FF}.Release|Any CPU.Build.0 = Release|Any CPU
	EndGlobalSection
	GlobalSection(SolutionProperties) = preSolution
		HideSolutionNode = FALSE
	EndGlobalSection
	GlobalSection(NestedProjects) = preSolution
		{D05D02F7-D981-44E9-B4CC-4C68B8F14A58} = {6663F5A1-04F2-4779-A272-B40584F6DB60}
		{66F2D414-4F7F-47D1-88E7-38A3F5118C36} = {A18701BE-3AAC-46D0-85A9-3144EADD1504}
		{248F4DC1-7DB9-4429-B5CD-8A90E6E76050} = {A18701BE-3AAC-46D0-85A9-3144EADD1504}
		{029D8D07-0D65-4CB9-9282-C0AB8B2FEAAE} = {A18701BE-3AAC-46D0-85A9-3144EADD1504}
		{F0435CB1-EF7B-4730-9ACF-CA320ED5EF72} = {A18701BE-3AAC-46D0-85A9-3144EADD1504}
		{6EB5ED70-3CC7-4037-A65C-C5A846AF50FF} = {A18701BE-3AAC-46D0-85A9-3144EADD1504}
	EndGlobalSection
	GlobalSection(ExtensibilityGlobals) = postSolution
		SolutionGuid = {A83A13D6-4777-40F6-968E-E8B07F77856C}
	EndGlobalSection
EndGlobal
